{
  "nodes": {
    "nixpkgs": {
      "locked": {
        "lastModified": 1760038930,
        "narHash": "sha256-Oncbh0UmHjSlxO7ErQDM3KM0A5/Znfofj2BSzlHLeVw=",
        "owner": "nixos",
        "repo": "nixpkgs",
        "rev": "0b4defa2584313f3b781240b29d61f6f9f7e0df3",
        "type": "github"
      },
      "original": {
        "owner": "nixos",
        "ref": "nixos-unstable",
        "repo": "nixpkgs",
        "type": "github"
      }
    },
    "root": {
      "inputs": {
        "nixpkgs": "nixpkgs",
        "syntax": "syntax"
      }
    },
    "semi-iso": {
      "inputs": {
        "nixpkgs": [
          "syntax",
          "nixpkgs"
        ]
      },
      "locked": {
        "lastModified": 1760196411,
        "narHash": "sha256-2N1l8BWL29+1ll8FDtjcmjDspnzGjLUrRgWywR455Hs=",
        "owner": "ners",
        "repo": "semi-iso",
        "rev": "6770393ae4a00e8b446851043bbbac435500d430",
        "type": "github"
      },
      "original": {
        "owner": "ners",
        "repo": "semi-iso",
        "type": "github"
      }
    },
    "syntax": {
      "inputs": {
        "nixpkgs": [
          "nixpkgs"
        ],
        "semi-iso": "semi-iso"
      },
      "locked": {
        "lastModified": 1760196433,
        "narHash": "sha256-ZAfzm8ym4Len4NmBQcfc7QMpEPZWOZpcUm+zVb4v9/k=",
        "owner": "ners",
        "repo": "syntax",
        "rev": "aea94e49c74d353868d56d042a96807315b0162f",
        "type": "github"
      },
      "original": {
        "owner": "ners",
        "repo": "syntax",
        "type": "github"
      }
    }
  },
  "root": "root",
  "version": 7
}
